
Microsoft Visual Studio Solution File, Format Version 12.00
# Visual Studio Version 17
VisualStudioVersion = 17.8.34322.80
MinimumVisualStudioVersion = 10.0.40219.1
Project("{FAE04EC0-301F-11D3-BF4B-00C04F79EFBC}") = "Question_8", "Question_8\Question_8.csproj", "{32054BA7-ED66-4667-92C2-67CFF63BC1F8}"
EndProject
Global
	GlobalSection(SolutionConfigurationPlatforms) = preSolution
		Debug|Any CPU = Debug|Any CPU
		Release|Any CPU = Release|Any CPU
	EndGlobalSection
	GlobalSection(ProjectConfigurationPlatforms) = postSolution
		{32054BA7-ED66-4667-92C2-67CFF63BC1F8}.Debug|Any CPU.ActiveCfg = Debug|Any CPU
		{32054BA7-ED66-4667-92C2-67CFF63BC1F8}.Debug|Any CPU.Build.0 = Debug|Any CPU
		{32054BA7-ED66-4667-92C2-67CFF63BC1F8}.Release|Any CPU.ActiveCfg = Release|Any CPU
		{32054BA7-ED66-4667-92C2-67CFF63BC1F8}.Release|Any CPU.Build.0 = Release|Any CPU
	EndGlobalSection
	GlobalSection(SolutionProperties) = preSolution
		HideSolutionNode = FALSE
	EndGlobalSection
	GlobalSection(ExtensibilityGlobals) = postSolution
		SolutionGuid = {986955AF-2B82-425E-8113-AA1C394134BB}
	EndGlobalSection
EndGlobal
