
Microsoft Visual Studio Solution File, Format Version 12.00
# Visual Studio Version 17
VisualStudioVersion = 17.8.34322.80
MinimumVisualStudioVersion = 10.0.40219.1
Project("{FAE04EC0-301F-11D3-BF4B-00C04F79EFBC}") = "Question_6", "Question_6\Question_6.csproj", "{0934BE0E-E7E4-40AE-906F-9FCEE76BC452}"
EndProject
Global
	GlobalSection(SolutionConfigurationPlatforms) = preSolution
		Debug|Any CPU = Debug|Any CPU
		Release|Any CPU = Release|Any CPU
	EndGlobalSection
	GlobalSection(ProjectConfigurationPlatforms) = postSolution
		{0934BE0E-E7E4-40AE-906F-9FCEE76BC452}.Debug|Any CPU.ActiveCfg = Debug|Any CPU
		{0934BE0E-E7E4-40AE-906F-9FCEE76BC452}.Debug|Any CPU.Build.0 = Debug|Any CPU
		{0934BE0E-E7E4-40AE-906F-9FCEE76BC452}.Release|Any CPU.ActiveCfg = Release|Any CPU
		{0934BE0E-E7E4-40AE-906F-9FCEE76BC452}.Release|Any CPU.Build.0 = Release|Any CPU
	EndGlobalSection
	GlobalSection(SolutionProperties) = preSolution
		HideSolutionNode = FALSE
	EndGlobalSection
	GlobalSection(ExtensibilityGlobals) = postSolution
		SolutionGuid = {DCA17CCC-4653-4D0F-B40D-E6A7559F9226}
	EndGlobalSection
EndGlobal
