
Microsoft Visual Studio Solution File, Format Version 12.00
# Visual Studio Version 17
VisualStudioVersion = 17.8.34322.80
MinimumVisualStudioVersion = 10.0.40219.1
Project("{FAE04EC0-301F-11D3-BF4B-00C04F79EFBC}") = "Question_35", "Question_35\Question_35.csproj", "{AEF9E889-DBAF-46B8-8794-4005626B90EC}"
EndProject
Global
	GlobalSection(SolutionConfigurationPlatforms) = preSolution
		Debug|Any CPU = Debug|Any CPU
		Release|Any CPU = Release|Any CPU
	EndGlobalSection
	GlobalSection(ProjectConfigurationPlatforms) = postSolution
		{AEF9E889-DBAF-46B8-8794-4005626B90EC}.Debug|Any CPU.ActiveCfg = Debug|Any CPU
		{AEF9E889-DBAF-46B8-8794-4005626B90EC}.Debug|Any CPU.Build.0 = Debug|Any CPU
		{AEF9E889-DBAF-46B8-8794-4005626B90EC}.Release|Any CPU.ActiveCfg = Release|Any CPU
		{AEF9E889-DBAF-46B8-8794-4005626B90EC}.Release|Any CPU.Build.0 = Release|Any CPU
	EndGlobalSection
	GlobalSection(SolutionProperties) = preSolution
		HideSolutionNode = FALSE
	EndGlobalSection
	GlobalSection(ExtensibilityGlobals) = postSolution
		SolutionGuid = {2844100C-0488-4BBE-AA21-585C64940469}
	EndGlobalSection
EndGlobal
